
Microsoft Visual Studio Solution File, Format Version 12.00
# Visual Studio Version 17
VisualStudioVersion = 17.10.35013.160
MinimumVisualStudioVersion = 10.0.40219.1
Project("{FAE04EC0-301F-11D3-BF4B-00C04F79EFBC}") = "WorldGen", "WorldGen\WorldGen.csproj", "{51A6E3E7-68D8-4E06-8D1E-FC82175F2CFA}"
EndProject
Project("{FAE04EC0-301F-11D3-BF4B-00C04F79EFBC}") = "Testing", "Testing\Testing.csproj", "{A53B8BEB-77DF-4187-8749-E13AF20D928A}"
EndProject
Global
	GlobalSection(SolutionConfigurationPlatforms) = preSolution
		Debug|Any CPU = Debug|Any CPU
		Release|Any CPU = Release|Any CPU
	EndGlobalSection
	GlobalSection(ProjectConfigurationPlatforms) = postSolution
		{51A6E3E7-68D8-4E06-8D1E-FC82175F2CFA}.Debug|Any CPU.ActiveCfg = Debug|Any CPU
		{51A6E3E7-68D8-4E06-8D1E-FC82175F2CFA}.Debug|Any CPU.Build.0 = Debug|Any CPU
		{51A6E3E7-68D8-4E06-8D1E-FC82175F2CFA}.Release|Any CPU.ActiveCfg = Release|Any CPU
		{51A6E3E7-68D8-4E06-8D1E-FC82175F2CFA}.Release|Any CPU.Build.0 = Release|Any CPU
		{A53B8BEB-77DF-4187-8749-E13AF20D928A}.Debug|Any CPU.ActiveCfg = Debug|Any CPU
		{A53B8BEB-77DF-4187-8749-E13AF20D928A}.Debug|Any CPU.Build.0 = Debug|Any CPU
		{A53B8BEB-77DF-4187-8749-E13AF20D928A}.Release|Any CPU.ActiveCfg = Release|Any CPU
		{A53B8BEB-77DF-4187-8749-E13AF20D928A}.Release|Any CPU.Build.0 = Release|Any CPU
	EndGlobalSection
	GlobalSection(SolutionProperties) = preSolution
		HideSolutionNode = FALSE
	EndGlobalSection
	GlobalSection(ExtensibilityGlobals) = postSolution
		SolutionGuid = {4B3FF92D-5368-4CFB-B1A5-8972B43CF09D}
	EndGlobalSection
EndGlobal
